# THIS IS AN AUTOGENERATED FILE. DO NOT EDIT THIS FILE DIRECTLY.
# yarn lockfile v1


"@tsconfig/node10@^1.0.7":
  version "1.0.8"
  resolved "https://registry.npm.alibaba-inc.com/@tsconfig/node10/download/@tsconfig/node10-1.0.8.tgz#c1e4e80d6f964fbecb3359c43bd48b40f7cadad9"
  integrity sha1-weToDW+WT77LM1nEO9SLQPfK2tk=

"@tsconfig/node12@^1.0.7":
  version "1.0.8"
  resolved "https://registry.npm.alibaba-inc.com/@tsconfig/node12/download/@tsconfig/node12-1.0.8.tgz#a883d62f049a64fea1e56a6bbe66828d11c6241b"
  integrity sha1-qIPWLwSaZP6h5WprvmaCjRHGJBs=

"@tsconfig/node14@^1.0.0":
  version "1.0.1"
  resolved "https://registry.npm.alibaba-inc.com/@tsconfig/node14/download/@tsconfig/node14-1.0.1.tgz#95f2d167ffb9b8d2068b0b235302fafd4df711f2"
  integrity sha1-lfLRZ/+5uNIGiwsjUwL6/U33EfI=

"@tsconfig/node16@^1.0.1":
  version "1.0.1"
  resolved "https://registry.npm.alibaba-inc.com/@tsconfig/node16/download/@tsconfig/node16-1.0.1.tgz#a6ca6a9a0ff366af433f42f5f0e124794ff6b8f1"
  integrity sha1-pspqmg/zZq9DP0L18OEkeU/2uPE=

"@types/figlet@^1.5.1":
  version "1.5.1"
  resolved "https://registry.npm.alibaba-inc.com/@types/figlet/download/@types/figlet-1.5.1.tgz#a9f06317b8900b7d3ad8d8bb577ec26225ac16a8"
  integrity sha1-qfBjF7iQC3062Ni7V37CYiWsFqg=

"@types/node@^15.12.2":
  version "15.12.2"
  resolved "https://registry.npm.alibaba-inc.com/@types/node/download/@types/node-15.12.2.tgz#1f2b42c4be7156ff4a6f914b2fb03d05fa84e38d"
  integrity sha1-HytCxL5xVv9Kb5FLL7A9BfqE440=

"@types/yargs-parser@*":
  version "20.2.0"
  resolved "https://registry.npm.alibaba-inc.com/@types/yargs-parser/download/@types/yargs-parser-20.2.0.tgz#dd3e6699ba3237f0348cd085e4698780204842f9"
  integrity sha1-3T5mmboyN/A0jNCF5GmHgCBIQvk=

"@types/yargs@^17.0.0":
  version "17.0.0"
  resolved "https://registry.npm.alibaba-inc.com/@types/yargs/download/@types/yargs-17.0.0.tgz#32f740934eedf0a5cd19470249f317755c91f1ae"
  integrity sha1-MvdAk07t8KXNGUcCSfMXdVyR8a4=
  dependencies:
    "@types/yargs-parser" "*"

"@types/yarnpkg__lockfile@^1.1.4":
  version "1.1.4"
  resolved "https://registry.npm.alibaba-inc.com/@types/yarnpkg__lockfile/download/@types/yarnpkg__lockfile-1.1.4.tgz#445251eb00bd9c1e751f82c7c6bf4f714edfd464"
  integrity sha1-RFJR6wC9nB51H4LHxr9PcU7f1GQ=

"@yarnpkg/lockfile@^1.1.0":
  version "1.1.0"
  resolved "https://registry.npm.alibaba-inc.com/@yarnpkg/lockfile/download/@yarnpkg/lockfile-1.1.0.tgz#e77a97fbd345b76d83245edcd17d393b1b41fb31"
  integrity sha1-53qX+9NFt22DJF7c0X05OxtB+zE=

ansi-regex@^5.0.0:
  version "5.0.0"
  resolved "https://registry.npm.alibaba-inc.com/ansi-regex/download/ansi-regex-5.0.0.tgz#388539f55179bf39339c81af30a654d69f87cb75"
  integrity sha1-OIU59VF5vzkznIGvMKZU1p+Hy3U=

ansi-styles@^4.0.0:
  version "4.3.0"
  resolved "https://registry.npm.alibaba-inc.com/ansi-styles/download/ansi-styles-4.3.0.tgz#edd803628ae71c04c85ae7a0906edad34b648937"
  integrity sha1-7dgDYornHATIWuegkG7a00tkiTc=
  dependencies:
    color-convert "^2.0.1"

arg@^4.1.0:
  version "4.1.3"
  resolved "https://registry.npm.alibaba-inc.com/arg/download/arg-4.1.3.tgz#269fc7ad5b8e42cb63c896d5666017261c144089"
  integrity sha1-Jp/HrVuOQstjyJbVZmAXJhwUQIk=

buffer-from@^1.0.0:
  version "1.1.1"
  resolved "https://registry.npm.alibaba-inc.com/buffer-from/download/buffer-from-1.1.1.tgz#32713bc028f75c02fdb710d7c7bcec1f2c6070ef"
  integrity sha1-MnE7wCj3XAL9txDXx7zsHyxgcO8=

cliui@^7.0.2:
  version "7.0.4"
  resolved "https://registry.npm.alibaba-inc.com/cliui/download/cliui-7.0.4.tgz#a0265ee655476fc807aea9df3df8df7783808b4f"
  integrity sha1-oCZe5lVHb8gHrqnfPfjfd4OAi08=
  dependencies:
    string-width "^4.2.0"
    strip-ansi "^6.0.0"
    wrap-ansi "^7.0.0"

color-convert@^2.0.1:
  version "2.0.1"
  resolved "https://registry.npm.alibaba-inc.com/color-convert/download/color-convert-2.0.1.tgz#72d3a68d598c9bdb3af2ad1e84f21d896abd4de3"
  integrity sha1-ctOmjVmMm9s68q0ehPIdiWq9TeM=
  dependencies:
    color-name "~1.1.4"

color-name@~1.1.4:
  version "1.1.4"
  resolved "https://registry.npm.alibaba-inc.com/color-name/download/color-name-1.1.4.tgz#c2a09a87acbde69543de6f63fa3995c826c536a2"
  integrity sha1-wqCah6y95pVD3m9j+jmVyCbFNqI=

create-require@^1.1.0:
  version "1.1.1"
  resolved "https://registry.npm.alibaba-inc.com/create-require/download/create-require-1.1.1.tgz#c1d7e8f1e5f6cfc9ff65f9cd352d37348756c333"
  integrity sha1-wdfo8eX2z8n/ZfnNNS03NIdWwzM=

diff@^4.0.1:
  version "4.0.2"
  resolved "https://registry.npm.alibaba-inc.com/diff/download/diff-4.0.2.tgz#60f3aecb89d5fae520c11aa19efc2bb982aade7d"
  integrity sha1-YPOuy4nV+uUgwRqhnvwruYKq3n0=

emoji-regex@^8.0.0:
  version "8.0.0"
  resolved "https://registry.npm.alibaba-inc.com/emoji-regex/download/emoji-regex-8.0.0.tgz#e818fd69ce5ccfcb404594f842963bf53164cc37"
  integrity sha1-6Bj9ac5cz8tARZT4QpY79TFkzDc=

escalade@^3.1.1:
  version "3.1.1"
  resolved "https://registry.npm.alibaba-inc.com/escalade/download/escalade-3.1.1.tgz#d8cfdc7000965c5a0174b4a82eaa5c0552742e40"
  integrity sha1-2M/ccACWXFoBdLSoLqpcBVJ0LkA=

figlet@^1.5.0:
  version "1.5.0"
  resolved "https://registry.npm.alibaba-inc.com/figlet/download/figlet-1.5.0.tgz#2db4d00a584e5155a96080632db919213c3e003c"
  integrity sha1-LbTQClhOUVWpYIBjLbkZITw+ADw=

get-caller-file@^2.0.5:
  version "2.0.5"
  resolved "https://registry.npm.alibaba-inc.com/get-caller-file/download/get-caller-file-2.0.5.tgz#4f94412a82db32f36e3b0b9741f8a97feb031f7e"
  integrity sha1-T5RBKoLbMvNuOwuXQfipf+sDH34=

is-fullwidth-code-point@^3.0.0:
  version "3.0.0"
  resolved "https://registry.npm.alibaba-inc.com/is-fullwidth-code-point/download/is-fullwidth-code-point-3.0.0.tgz#f116f8064fe90b3f7844a38997c0b75051269f1d"
  integrity sha1-8Rb4Bk/pCz94RKOJl8C3UFEmnx0=

make-error@^1.1.1:
  version "1.3.6"
  resolved "https://registry.npm.alibaba-inc.com/make-error/download/make-error-1.3.6.tgz#2eb2e37ea9b67c4891f684a1394799af484cf7a2"
  integrity sha1-LrLjfqm2fEiR9oShOUeZr0hM96I=

require-directory@^2.1.1:
  version "2.1.1"
  resolved "https://registry.npm.alibaba-inc.com/require-directory/download/require-directory-2.1.1.tgz#8c64ad5fd30dab1c976e2344ffe7f792a6a6df42"
  integrity sha1-jGStX9MNqxyXbiNE/+f3kqam30I=

source-map-support@^0.5.17:
  version "0.5.19"
  resolved "https://registry.npm.alibaba-inc.com/source-map-support/download/source-map-support-0.5.19.tgz#a98b62f86dcaf4f67399648c085291ab9e8fed61"
  integrity sha1-qYti+G3K9PZzmWSMCFKRq56P7WE=
  dependencies:
    buffer-from "^1.0.0"
    source-map "^0.6.0"

source-map@^0.6.0:
  version "0.6.1"
  resolved "https://registry.npm.alibaba-inc.com/source-map/download/source-map-0.6.1.tgz#74722af32e9614e9c287a8d0bbde48b5e2f1a263"
  integrity sha1-dHIq8y6WFOnCh6jQu95IteLxomM=

string-width@^4.1.0, string-width@^4.2.0:
  version "4.2.2"
  resolved "https://registry.npm.alibaba-inc.com/string-width/download/string-width-4.2.2.tgz#dafd4f9559a7585cfba529c6a0a4f73488ebd4c5"
  integrity sha1-2v1PlVmnWFz7pSnGoKT3NIjr1MU=
  dependencies:
    emoji-regex "^8.0.0"
    is-fullwidth-code-point "^3.0.0"
    strip-ansi "^6.0.0"

strip-ansi@^6.0.0:
  version "6.0.0"
  resolved "https://registry.npm.alibaba-inc.com/strip-ansi/download/strip-ansi-6.0.0.tgz#0b1571dd7669ccd4f3e06e14ef1eed26225ae532"
  integrity sha1-CxVx3XZpzNTz4G4U7x7tJiJa5TI=
  dependencies:
    ansi-regex "^5.0.0"

ts-node@^10.0.0:
  version "10.0.0"
  resolved "https://registry.npm.alibaba-inc.com/ts-node/download/ts-node-10.0.0.tgz#05f10b9a716b0b624129ad44f0ea05dac84ba3be"
  integrity sha1-BfELmnFrC2JBKa1E8OoF2shLo74=
  dependencies:
    "@tsconfig/node10" "^1.0.7"
    "@tsconfig/node12" "^1.0.7"
    "@tsconfig/node14" "^1.0.0"
    "@tsconfig/node16" "^1.0.1"
    arg "^4.1.0"
    create-require "^1.1.0"
    diff "^4.0.1"
    make-error "^1.1.1"
    source-map-support "^0.5.17"
    yn "3.1.1"

typescript@^4.3.2:
  version "4.3.2"
  resolved "https://registry.npm.alibaba-inc.com/typescript/download/typescript-4.3.2.tgz#399ab18aac45802d6f2498de5054fcbbe716a805"
  integrity sha1-OZqxiqxFgC1vJJjeUFT8u+cWqAU=

wrap-ansi@^7.0.0:
  version "7.0.0"
  resolved "https://registry.npm.alibaba-inc.com/wrap-ansi/download/wrap-ansi-7.0.0.tgz#67e145cff510a6a6984bdf1152911d69d2eb9e43"
  integrity sha1-Z+FFz/UQpqaYS98RUpEdadLrnkM=
  dependencies:
    ansi-styles "^4.0.0"
    string-width "^4.1.0"
    strip-ansi "^6.0.0"

y18n@^5.0.5:
  version "5.0.8"
  resolved "https://registry.npm.alibaba-inc.com/y18n/download/y18n-5.0.8.tgz#7f4934d0f7ca8c56f95314939ddcd2dd91ce1d55"
  integrity sha1-f0k00PfKjFb5UxSTndzS3ZHOHVU=

yargs-parser@^20.2.2:
  version "20.2.7"
  resolved "https://registry.npm.alibaba-inc.com/yargs-parser/download/yargs-parser-20.2.7.tgz#61df85c113edfb5a7a4e36eb8aa60ef423cbc90a"
  integrity sha1-Yd+FwRPt+1p6TjbriqYO9CPLyQo=

yargs@^17.0.1:
  version "17.0.1"
  resolved "https://registry.npm.alibaba-inc.com/yargs/download/yargs-17.0.1.tgz#6a1ced4ed5ee0b388010ba9fd67af83b9362e0bb"
  integrity sha1-ahztTtXuCziAELqf1nr4O5Ni4Ls=
  dependencies:
    cliui "^7.0.2"
    escalade "^3.1.1"
    get-caller-file "^2.0.5"
    require-directory "^2.1.1"
    string-width "^4.2.0"
    y18n "^5.0.5"
    yargs-parser "^20.2.2"

yn@3.1.1:
  version "3.1.1"
  resolved "https://registry.npm.alibaba-inc.com/yn/download/yn-3.1.1.tgz#1e87401a09d767c1d5eab26a6e4c185182d2eb50"
  integrity sha1-HodAGgnXZ8HV6rJqbkwYUYLS61A=
